
Microsoft Visual Studio Solution File, Format Version 12.00
# Visual Studio Version 17
VisualStudioVersion = 17.6.33829.357
MinimumVisualStudioVersion = 10.0.40219.1
Project("{FAE04EC0-301F-11D3-BF4B-00C04F79EFBC}") = "prototype", "prototype\prototype.csproj", "{13CEB00D-E9A4-4A92-A8A6-3B14E79ACEC1}"
EndProject
Global
	GlobalSection(SolutionConfigurationPlatforms) = preSolution
		Debug|Any CPU = Debug|Any CPU
		Release|Any CPU = Release|Any CPU
	EndGlobalSection
	GlobalSection(ProjectConfigurationPlatforms) = postSolution
		{13CEB00D-E9A4-4A92-A8A6-3B14E79ACEC1}.Debug|Any CPU.ActiveCfg = Debug|Any CPU
		{13CEB00D-E9A4-4A92-A8A6-3B14E79ACEC1}.Debug|Any CPU.Build.0 = Debug|Any CPU
		{13CEB00D-E9A4-4A92-A8A6-3B14E79ACEC1}.Release|Any CPU.ActiveCfg = Release|Any CPU
		{13CEB00D-E9A4-4A92-A8A6-3B14E79ACEC1}.Release|Any CPU.Build.0 = Release|Any CPU
	EndGlobalSection
	GlobalSection(SolutionProperties) = preSolution
		HideSolutionNode = FALSE
	EndGlobalSection
	GlobalSection(ExtensibilityGlobals) = postSolution
		SolutionGuid = {5D6106DD-A7E7-443A-A958-C061C4969F80}
	EndGlobalSection
EndGlobal
